
Microsoft Visual Studio Solution File, Format Version 12.00
# Visual Studio 14
VisualStudioVersion = 14.0.25420.1
MinimumVisualStudioVersion = 10.0.40219.1
Project("{888888A0-9F3D-457C-B088-3A5042F75D52}") = "plot_yolo_log", "plot_yolo_log\plot_yolo_log.pyproj", "{382C6834-57E7-4C9A-8FCD-6ADD4E6CECAD}"
EndProject
Global
	GlobalSection(SolutionConfigurationPlatforms) = preSolution
		Debug|Any CPU = Debug|Any CPU
		Release|Any CPU = Release|Any CPU
	EndGlobalSection
	GlobalSection(ProjectConfigurationPlatforms) = postSolution
		{382C6834-57E7-4C9A-8FCD-6ADD4E6CECAD}.Debug|Any CPU.ActiveCfg = Debug|Any CPU
		{382C6834-57E7-4C9A-8FCD-6ADD4E6CECAD}.Release|Any CPU.ActiveCfg = Release|Any CPU
	EndGlobalSection
	GlobalSection(SolutionProperties) = preSolution
		HideSolutionNode = FALSE
	EndGlobalSection
EndGlobal
